// !$*UTF8*$!
{
	archiveVersion = 1;
	classes = {
	};
	objectVersion = 48;
	objects = {

/* Begin PBXBuildFile section */
		B83F04E9206789D400543417 /* AppDelegate.swift in Sources */ = {isa = PBXBuildFile; fileRef = B83F04E8206789D400543417 /* AppDelegate.swift */; };
		B83F04EE206789D400543417 /* Main.storyboard in Resources */ = {isa = PBXBuildFile; fileRef = B83F04EC206789D400543417 /* Main.storyboard */; };
		B83F04F0206789D400543417 /* Assets.xcassets in Resources */ = {isa = PBXBuildFile; fileRef = B83F04EF206789D400543417 /* Assets.xcassets */; };
		B83F04F3206789D400543417 /* LaunchScreen.storyboard in Resources */ = {isa = PBXBuildFile; fileRef = B83F04F1206789D400543417 /* LaunchScreen.storyboard */; };
		B83F04FE206789D400543417 /* FinalMilestoneTests.swift in Sources */ = {isa = PBXBuildFile; fileRef = B83F04FD206789D400543417 /* FinalMilestoneTests.swift */; };
		B83F0509206789D400543417 /* FinalMilestoneUITests.swift in Sources */ = {isa = PBXBuildFile; fileRef = B83F0508206789D400543417 /* FinalMilestoneUITests.swift */; };
		B83F051720678A7A00543417 /* TableViewController.swift in Sources */ = {isa = PBXBuildFile; fileRef = B83F051620678A7A00543417 /* TableViewController.swift */; };
		B83F051920678FC300543417 /* ListItem.swift in Sources */ = {isa = PBXBuildFile; fileRef = B83F051820678FC300543417 /* ListItem.swift */; };
		B8906152206A3DED00536598 /* ViewController.swift in Sources */ = {isa = PBXBuildFile; fileRef = B8906151206A3DED00536598 /* ViewController.swift */; };
		B8906154206A4A4E00536598 /* ToDoListProtocol.swift in Sources */ = {isa = PBXBuildFile; fileRef = B8906153206A4A4E00536598 /* ToDoListProtocol.swift */; };
/* End PBXBuildFile section */

/* Begin PBXContainerItemProxy section */
		B83F04FA206789D400543417 /* PBXContainerItemProxy */ = {
			isa = PBXContainerItemProxy;
			containerPortal = B83F04DD206789D400543417 /* Project object */;
			proxyType = 1;
			remoteGlobalIDString = B83F04E4206789D400543417;
			remoteInfo = FinalMilestone;
		};
		B83F0505206789D400543417 /* PBXContainerItemProxy */ = {
			isa = PBXContainerItemProxy;
			containerPortal = B83F04DD206789D400543417 /* Project object */;
			proxyType = 1;
			remoteGlobalIDString = B83F04E4206789D400543417;
			remoteInfo = FinalMilestone;
		};
/* End PBXContainerItemProxy section */

/* Begin PBXFileReference section */
		B83F04E5206789D400543417 /* FinalMilestone.app */ = {isa = PBXFileReference; explicitFileType = wrapper.application; includeInIndex = 0; path = FinalMilestone.app; sourceTree = BUILT_PRODUCTS_DIR; };
		B83F04E8206789D400543417 /* AppDelegate.swift */ = {isa = PBXFileReference; lastKnownFileType = sourcecode.swift; path = AppDelegate.swift; sourceTree = "<group>"; };
		B83F04ED206789D400543417 /* Base */ = {isa = PBXFileReference; lastKnownFileType = file.storyboard; name = Base; path = Base.lproj/Main.storyboard; sourceTree = "<group>"; };
		B83F04EF206789D400543417 /* Assets.xcassets */ = {isa = PBXFileReference; lastKnownFileType = folder.assetcatalog; path = Assets.xcassets; sourceTree = "<group>"; };
		B83F04F2206789D400543417 /* Base */ = {isa = PBXFileReference; lastKnownFileType = file.storyboard; name = Base; path = Base.lproj/LaunchScreen.storyboard; sourceTree = "<group>"; };
		B83F04F4206789D400543417 /* Info.plist */ = {isa = PBXFileReference; lastKnownFileType = text.plist.xml; path = Info.plist; sourceTree = "<group>"; };
		B83F04F9206789D400543417 /* FinalMilestoneTests.xctest */ = {isa = PBXFileReference; explicitFileType = wrapper.cfbundle; includeInIndex = 0; path = FinalMilestoneTests.xctest; sourceTree = BUILT_PRODUCTS_DIR; };
		B83F04FD206789D400543417 /* FinalMilestoneTests.swift */ = {isa = PBXFileReference; lastKnownFileType = sourcecode.swift; path = FinalMilestoneTests.swift; sourceTree = "<group>"; };
		B83F04FF206789D400543417 /* Info.plist */ = {isa = PBXFileReference; lastKnownFileType = text.plist.xml; path = Info.plist; sourceTree = "<group>"; };
		B83F0504206789D400543417 /* FinalMilestoneUITests.xctest */ = {isa = PBXFileReference; explicitFileType = wrapper.cfbundle; includeInIndex = 0; path = FinalMilestoneUITests.xctest; sourceTree = BUILT_PRODUCTS_DIR; };
		B83F0508206789D400543417 /* FinalMilestoneUITests.swift */ = {isa = PBXFileReference; lastKnownFileType = sourcecode.swift; path = FinalMilestoneUITests.swift; sourceTree = "<group>"; };
		B83F050A206789D400543417 /* Info.plist */ = {isa = PBXFileReference; lastKnownFileType = text.plist.xml; path = Info.plist; sourceTree = "<group>"; };
		B83F051620678A7A00543417 /* TableViewController.swift */ = {isa = PBXFileReference; lastKnownFileType = sourcecode.swift; path = TableViewController.swift; sourceTree = "<group>"; };
		B83F051820678FC300543417 /* ListItem.swift */ = {isa = PBXFileReference; lastKnownFileType = sourcecode.swift; path = ListItem.swift; sourceTree = "<group>"; };
		B8906151206A3DED00536598 /* ViewController.swift */ = {isa = PBXFileReference; lastKnownFileType = sourcecode.swift; path = ViewController.swift; sourceTree = "<group>"; };
		B8906153206A4A4E00536598 /* ToDoListProtocol.swift */ = {isa = PBXFileReference; lastKnownFileType = sourcecode.swift; path = ToDoListProtocol.swift; sourceTree = "<group>"; };
/* End PBXFileReference section */

/* Begin PBXFrameworksBuildPhase section */
		B83F04E2206789D400543417 /* Frameworks */ = {
			isa = PBXFrameworksBuildPhase;
			buildActionMask = 2147483647;
			files = (
			);
			runOnlyForDeploymentPostprocessing = 0;
		};
		B83F04F6206789D400543417 /* Frameworks */ = {
			isa = PBXFrameworksBuildPhase;
			buildActionMask = 2147483647;
			files = (
			);
			runOnlyForDeploymentPostprocessing = 0;
		};
		B83F0501206789D400543417 /* Frameworks */ = {
			isa = PBXFrameworksBuildPhase;
			buildActionMask = 2147483647;
			files = (
			);
			runOnlyForDeploymentPostprocessing = 0;
		};
/* End PBXFrameworksBuildPhase section */

/* Begin PBXGroup section */
		B83F04DC206789D400543417 = {
			isa = PBXGroup;
			children = (
				B83F04E7206789D400543417 /* FinalMilestone */,
				B83F04FC206789D400543417 /* FinalMilestoneTests */,
				B83F0507206789D400543417 /* FinalMilestoneUITests */,
				B83F04E6206789D400543417 /* Products */,
			);
			sourceTree = "<group>";
		};
		B83F04E6206789D400543417 /* Products */ = {
			isa = PBXGroup;
			children = (
				B83F04E5206789D400543417 /* FinalMilestone.app */,
				B83F04F9206789D400543417 /* FinalMilestoneTests.xctest */,
				B83F0504206789D400543417 /* FinalMilestoneUITests.xctest */,
			);
			name = Products;
			sourceTree = "<group>";
		};
		B83F04E7206789D400543417 /* FinalMilestone */ = {
			isa = PBXGroup;
			children = (
				B83F04E8206789D400543417 /* AppDelegate.swift */,
				B83F051620678A7A00543417 /* TableViewController.swift */,
				B8906153206A4A4E00536598 /* ToDoListProtocol.swift */,
				B83F04EC206789D400543417 /* Main.storyboard */,
				B8906151206A3DED00536598 /* ViewController.swift */,
				B83F051820678FC300543417 /* ListItem.swift */,
				B83F04EF206789D400543417 /* Assets.xcassets */,
				B83F04F1206789D400543417 /* LaunchScreen.storyboard */,
				B83F04F4206789D400543417 /* Info.plist */,
			);
			path = FinalMilestone;
			sourceTree = "<group>";
		};
		B83F04FC206789D400543417 /* FinalMilestoneTests */ = {
			isa = PBXGroup;
			children = (
				B83F04FD206789D400543417 /* FinalMilestoneTests.swift */,
				B83F04FF206789D400543417 /* Info.plist */,
			);
			path = FinalMilestoneTests;
			sourceTree = "<group>";
		};
		B83F0507206789D400543417 /* FinalMilestoneUITests */ = {
			isa = PBXGroup;
			children = (
				B83F0508206789D400543417 /* FinalMilestoneUITests.swift */,
				B83F050A206789D400543417 /* Info.plist */,
			);
			path = FinalMilestoneUITests;
			sourceTree = "<group>";
		};
/* End PBXGroup section */

/* Begin PBXNativeTarget section */
		B83F04E4206789D400543417 /* FinalMilestone */ = {
			isa = PBXNativeTarget;
			buildConfigurationList = B83F050D206789D400543417 /* Build configuration list for PBXNativeTarget "FinalMilestone" */;
			buildPhases = (
				B83F04E1206789D400543417 /* Sources */,
				B83F04E2206789D400543417 /* Frameworks */,
				B83F04E3206789D400543417 /* Resources */,
			);
			buildRules = (
			);
			dependencies = (
			);
			name = FinalMilestone;
			productName = FinalMilestone;
			productReference = B83F04E5206789D400543417 /* FinalMilestone.app */;
			productType = "com.apple.product-type.application";
		};
		B83F04F8206789D400543417 /* FinalMilestoneTests */ = {
			isa = PBXNativeTarget;
			buildConfigurationList = B83F0510206789D400543417 /* Build configuration list for PBXNativeTarget "FinalMilestoneTests" */;
			buildPhases = (
				B83F04F5206789D400543417 /* Sources */,
				B83F04F6206789D400543417 /* Frameworks */,
				B83F04F7206789D400543417 /* Resources */,
			);
			buildRules = (
			);
			dependencies = (
				B83F04FB206789D400543417 /* PBXTargetDependency */,
			);
			name = FinalMilestoneTests;
			productName = FinalMilestoneTests;
			productReference = B83F04F9206789D400543417 /* FinalMilestoneTests.xctest */;
			productType = "com.apple.product-type.bundle.unit-test";
		};
		B83F0503206789D400543417 /* FinalMilestoneUITests */ = {
			isa = PBXNativeTarget;
			buildConfigurationList = B83F0513206789D400543417 /* Build configuration list for PBXNativeTarget "FinalMilestoneUITests" */;
			buildPhases = (
				B83F0500206789D400543417 /* Sources */,
				B83F0501206789D400543417 /* Frameworks */,
				B83F0502206789D400543417 /* Resources */,
			);
			buildRules = (
			);
			dependencies = (
				B83F0506206789D400543417 /* PBXTargetDependency */,
			);
			name = FinalMilestoneUITests;
			productName = FinalMilestoneUITests;
			productReference = B83F0504206789D400543417 /* FinalMilestoneUITests.xctest */;
			productType = "com.apple.product-type.bundle.ui-testing";
		};
/* End PBXNativeTarget section */

/* Begin PBXProject section */
		B83F04DD206789D400543417 /* Project object */ = {
			isa = PBXProject;
			attributes = {
				LastSwiftUpdateCheck = 0920;
				LastUpgradeCheck = 0920;
				ORGANIZATIONNAME = "Griffith University";
				TargetAttributes = {
					B83F04E4206789D400543417 = {
						CreatedOnToolsVersion = 9.2;
						ProvisioningStyle = Automatic;
					};
					B83F04F8206789D400543417 = {
						CreatedOnToolsVersion = 9.2;
						ProvisioningStyle = Automatic;
						TestTargetID = B83F04E4206789D400543417;
					};
					B83F0503206789D400543417 = {
						CreatedOnToolsVersion = 9.2;
						ProvisioningStyle = Automatic;
						TestTargetID = B83F04E4206789D400543417;
					};
				};
			};
			buildConfigurationList = B83F04E0206789D400543417 /* Build configuration list for PBXProject "FinalMilestone" */;
			compatibilityVersion = "Xcode 8.0";
			developmentRegion = en;
			hasScannedForEncodings = 0;
			knownRegions = (
				en,
				Base,
			);
			mainGroup = B83F04DC206789D400543417;
			productRefGroup = B83F04E6206789D400543417 /* Products */;
			projectDirPath = "";
			projectRoot = "";
			targets = (
				B83F04E4206789D400543417 /* FinalMilestone */,
				B83F04F8206789D400543417 /* FinalMilestoneTests */,
				B83F0503206789D400543417 /* FinalMilestoneUITests */,
			);
		};
/* End PBXProject section */

/* Begin PBXResourcesBuildPhase section */
		B83F04E3206789D400543417 /* Resources */ = {
			isa = PBXResourcesBuildPhase;
			buildActionMask = 2147483647;
			files = (
				B83F04F3206789D400543417 /* LaunchScreen.storyboard in Resources */,
				B83F04F0206789D400543417 /* Assets.xcassets in Resources */,
				B83F04EE206789D400543417 /* Main.storyboard in Resources */,
			);
			runOnlyForDeploymentPostprocessing = 0;
		};
		B83F04F7206789D400543417 /* Resources */ = {
			isa = PBXResourcesBuildPhase;
			buildActionMask = 2147483647;
			files = (
			);
			runOnlyForDeploymentPostprocessing = 0;
		};
		B83F0502206789D400543417 /* Resources */ = {
			isa = PBXResourcesBuildPhase;
			buildActionMask = 2147483647;
			files = (
			);
			runOnlyForDeploymentPostprocessing = 0;
		};
/* End PBXResourcesBuildPhase section */

/* Begin PBXSourcesBuildPhase section */
		B83F04E1206789D400543417 /* Sources */ = {
			isa = PBXSourcesBuildPhase;
			buildActionMask = 2147483647;
			files = (
				B83F051920678FC300543417 /* ListItem.swift in Sources */,
				B83F051720678A7A00543417 /* TableViewController.swift in Sources */,
				B8906152206A3DED00536598 /* ViewController.swift in Sources */,
				B8906154206A4A4E00536598 /* ToDoListProtocol.swift in Sources */,
				B83F04E9206789D400543417 /* AppDelegate.swift in Sources */,
			);
			runOnlyForDeploymentPostprocessing = 0;
		};
		B83F04F5206789D400543417 /* Sources */ = {
			isa = PBXSourcesBuildPhase;
			buildActionMask = 2147483647;
			files = (
				B83F04FE206789D400543417 /* FinalMilestoneTests.swift in Sources */,
			);
			runOnlyForDeploymentPostprocessing = 0;
		};
		B83F0500206789D400543417 /* Sources */ = {
			isa = PBXSourcesBuildPhase;
			buildActionMask = 2147483647;
			files = (
				B83F0509206789D400543417 /* FinalMilestoneUITests.swift in Sources */,
			);
			runOnlyForDeploymentPostprocessing = 0;
		};
/* End PBXSourcesBuildPhase section */

/* Begin PBXTargetDependency section */
		B83F04FB206789D400543417 /* PBXTargetDependency */ = {
			isa = PBXTargetDependency;
			target = B83F04E4206789D400543417 /* FinalMilestone */;
			targetProxy = B83F04FA206789D400543417 /* PBXContainerItemProxy */;
		};
		B83F0506206789D400543417 /* PBXTargetDependency */ = {
			isa = PBXTargetDependency;
			target = B83F04E4206789D400543417 /* FinalMilestone */;
			targetProxy = B83F0505206789D400543417 /* PBXContainerItemProxy */;
		};
/* End PBXTargetDependency section */

/* Begin PBXVariantGroup section */
		B83F04EC206789D400543417 /* Main.storyboard */ = {
			isa = PBXVariantGroup;
			children = (
				B83F04ED206789D400543417 /* Base */,
			);
			name = Main.storyboard;
			sourceTree = "<group>";
		};
		B83F04F1206789D400543417 /* LaunchScreen.storyboard */ = {
			isa = PBXVariantGroup;
			children = (
				B83F04F2206789D400543417 /* Base */,
			);
			name = LaunchScreen.storyboard;
			sourceTree = "<group>";
		};
/* End PBXVariantGroup section */

/* Begin XCBuildConfiguration section */
		B83F050B206789D400543417 /* Debug */ = {
			isa = XCBuildConfiguration;
			buildSettings = {
				ALWAYS_SEARCH_USER_PATHS = NO;
				CLANG_ANALYZER_NONNULL = YES;
				CLANG_ANALYZER_NUMBER_OBJECT_CONVERSION = YES_AGGRESSIVE;
				CLANG_CXX_LANGUAGE_STANDARD = "gnu++14";
				CLANG_CXX_LIBRARY = "libc++";
				CLANG_ENABLE_MODULES = YES;
				CLANG_ENABLE_OBJC_ARC = YES;
				CLANG_WARN_BLOCK_CAPTURE_AUTORELEASING = YES;
				CLANG_WARN_BOOL_CONVERSION = YES;
				CLANG_WARN_COMMA = YES;
				CLANG_WARN_CONSTANT_CONVERSION = YES;
				CLANG_WARN_DIRECT_OBJC_ISA_USAGE = YES_ERROR;
				CLANG_WARN_DOCUMENTATION_COMMENTS = YES;
				CLANG_WARN_EMPTY_BODY = YES;
				CLANG_WARN_ENUM_CONVERSION = YES;
				CLANG_WARN_INFINITE_RECURSION = YES;
				CLANG_WARN_INT_CONVERSION = YES;
				CLANG_WARN_NON_LITERAL_NULL_CONVERSION = YES;
				CLANG_WARN_OBJC_LITERAL_CONVERSION = YES;
				CLANG_WARN_OBJC_ROOT_CLASS = YES_ERROR;
				CLANG_WARN_RANGE_LOOP_ANALYSIS = YES;
				CLANG_WARN_STRICT_PROTOTYPES = YES;
				CLANG_WARN_SUSPICIOUS_MOVE = YES;
				CLANG_WARN_UNGUARDED_AVAILABILITY = YES_AGGRESSIVE;
				CLANG_WARN_UNREACHABLE_CODE = YES;
				CLANG_WARN__DUPLICATE_METHOD_MATCH = YES;
				CODE_SIGN_IDENTITY = "iPhone Developer";
				COPY_PHASE_STRIP = NO;
				DEBUG_INFORMATION_FORMAT = dwarf;
				ENABLE_STRICT_OBJC_MSGSEND = YES;
				ENABLE_TESTABILITY = YES;
				GCC_C_LANGUAGE_STANDARD = gnu11;
				GCC_DYNAMIC_NO_PIC = NO;
				GCC_NO_COMMON_BLOCKS = YES;
				GCC_OPTIMIZATION_LEVEL = 0;
				GCC_PREPROCESSOR_DEFINITIONS = (
					"DEBUG=1",
					"$(inherited)",
				);
				GCC_WARN_64_TO_32_BIT_CONVERSION = YES;
				GCC_WARN_ABOUT_RETURN_TYPE = YES_ERROR;
				GCC_WARN_UNDECLARED_SELECTOR = YES;
				GCC_WARN_UNINITIALIZED_AUTOS = YES_AGGRESSIVE;
				GCC_WARN_UNUSED_FUNCTION = YES;
				GCC_WARN_UNUSED_VARIABLE = YES;
				IPHONEOS_DEPLOYMENT_TARGET = 11.2;
				MTL_ENABLE_DEBUG_INFO = YES;
				ONLY_ACTIVE_ARCH = YES;
				SDKROOT = iphoneos;
				SWIFT_ACTIVE_COMPILATION_CONDITIONS = DEBUG;
				SWIFT_OPTIMIZATION_LEVEL = "-Onone";
			};
			name = Debug;
		};
		B83F050C206789D400543417 /* Release */ = {
			isa = XCBuildConfiguration;
			buildSettings = {
				ALWAYS_SEARCH_USER_PATHS = NO;
				CLANG_ANALYZER_NONNULL = YES;
				CLANG_ANALYZER_NUMBER_OBJECT_CONVERSION = YES_AGGRESSIVE;
				CLANG_CXX_LANGUAGE_STANDARD = "gnu++14";
				CLANG_CXX_LIBRARY = "libc++";
				CLANG_ENABLE_MODULES = YES;
				CLANG_ENABLE_OBJC_ARC = YES;
				CLANG_WARN_BLOCK_CAPTURE_AUTORELEASING = YES;
				CLANG_WARN_BOOL_CONVERSION = YES;
				CLANG_WARN_COMMA = YES;
				CLANG_WARN_CONSTANT_CONVERSION = YES;
				CLANG_WARN_DIRECT_OBJC_ISA_USAGE = YES_ERROR;
				CLANG_WARN_DOCUMENTATION_COMMENTS = YES;
				CLANG_WARN_EMPTY_BODY = YES;
				CLANG_WARN_ENUM_CONVERSION = YES;
				CLANG_WARN_INFINITE_RECURSION = YES;
				CLANG_WARN_INT_CONVERSION = YES;
				CLANG_WARN_NON_LITERAL_NULL_CONVERSION = YES;
				CLANG_WARN_OBJC_LITERAL_CONVERSION = YES;
				CLANG_WARN_OBJC_ROOT_CLASS = YES_ERROR;
				CLANG_WARN_RANGE_LOOP_ANALYSIS = YES;
				CLANG_WARN_STRICT_PROTOTYPES = YES;
				CLANG_WARN_SUSPICIOUS_MOVE = YES;
				CLANG_WARN_UNGUARDED_AVAILABILITY = YES_AGGRESSIVE;
				CLANG_WARN_UNREACHABLE_CODE = YES;
				CLANG_WARN__DUPLICATE_METHOD_MATCH = YES;
				CODE_SIGN_IDENTITY = "iPhone Developer";
				COPY_PHASE_STRIP = NO;
				DEBUG_INFORMATION_FORMAT = "dwarf-with-dsym";
				ENABLE_NS_ASSERTIONS = NO;
				ENABLE_STRICT_OBJC_MSGSEND = YES;
				GCC_C_LANGUAGE_STANDARD = gnu11;
				GCC_NO_COMMON_BLOCKS = YES;
				GCC_WARN_64_TO_32_BIT_CONVERSION = YES;
				GCC_WARN_ABOUT_RETURN_TYPE = YES_ERROR;
				GCC_WARN_UNDECLARED_SELECTOR = YES;
				GCC_WARN_UNINITIALIZED_AUTOS = YES_AGGRESSIVE;
				GCC_WARN_UNUSED_FUNCTION = YES;
				GCC_WARN_UNUSED_VARIABLE = YES;
				IPHONEOS_DEPLOYMENT_TARGET = 11.2;
				MTL_ENABLE_DEBUG_INFO = NO;
				SDKROOT = iphoneos;
				SWIFT_OPTIMIZATION_LEVEL = "-Owholemodule";
				VALIDATE_PRODUCT = YES;
			};
			name = Release;
		};
		B83F050E206789D400543417 /* Debug */ = {
			isa = XCBuildConfiguration;
			buildSettings = {
				ASSETCATALOG_COMPILER_APPICON_NAME = AppIcon;
				CODE_SIGN_STYLE = Automatic;
				INFOPLIST_FILE = FinalMilestone/Info.plist;
				LD_RUNPATH_SEARCH_PATHS = "$(inherited) @executable_path/Frameworks";
				PRODUCT_BUNDLE_IDENTIFIER = au.edu.griffith.ict.prog.FinalMilestone;
				PRODUCT_NAME = "$(TARGET_NAME)";
				SWIFT_VERSION = 4.0;
				TARGETED_DEVICE_FAMILY = "1,2";
			};
			name = Debug;
		};
		B83F050F206789D400543417 /* Release */ = {
			isa = XCBuildConfiguration;
			buildSettings = {
				ASSETCATALOG_COMPILER_APPICON_NAME = AppIcon;
				CODE_SIGN_STYLE = Automatic;
				INFOPLIST_FILE = FinalMilestone/Info.plist;
				LD_RUNPATH_SEARCH_PATHS = "$(inherited) @executable_path/Frameworks";
				PRODUCT_BUNDLE_IDENTIFIER = au.edu.griffith.ict.prog.FinalMilestone;
				PRODUCT_NAME = "$(TARGET_NAME)";
				SWIFT_VERSION = 4.0;
				TARGETED_DEVICE_FAMILY = "1,2";
			};
			name = Release;
		};
		B83F0511206789D400543417 /* Debug */ = {
			isa = XCBuildConfiguration;
			buildSettings = {
				ALWAYS_EMBED_SWIFT_STANDARD_LIBRARIES = YES;
				BUNDLE_LOADER = "$(TEST_HOST)";
				CODE_SIGN_STYLE = Automatic;
				INFOPLIST_FILE = FinalMilestoneTests/Info.plist;
				LD_RUNPATH_SEARCH_PATHS = "$(inherited) @executable_path/Frameworks @loader_path/Frameworks";
				PRODUCT_BUNDLE_IDENTIFIER = au.edu.griffith.ict.prog.FinalMilestoneTests;
				PRODUCT_NAME = "$(TARGET_NAME)";
				SWIFT_VERSION = 4.0;
				TARGETED_DEVICE_FAMILY = "1,2";
				TEST_HOST = "$(BUILT_PRODUCTS_DIR)/FinalMilestone.app/FinalMilestone";
			};
			name = Debug;
		};
		B83F0512206789D400543417 /* Release */ = {
			isa = XCBuildConfiguration;
			buildSettings = {
				ALWAYS_EMBED_SWIFT_STANDARD_LIBRARIES = YES;
				BUNDLE_LOADER = "$(TEST_HOST)";
				CODE_SIGN_STYLE = Automatic;
				INFOPLIST_FILE = FinalMilestoneTests/Info.plist;
				LD_RUNPATH_SEARCH_PATHS = "$(inherited) @executable_path/Frameworks @loader_path/Frameworks";
				PRODUCT_BUNDLE_IDENTIFIER = au.edu.griffith.ict.prog.FinalMilestoneTests;
				PRODUCT_NAME = "$(TARGET_NAME)";
				SWIFT_VERSION = 4.0;
				TARGETED_DEVICE_FAMILY = "1,2";
				TEST_HOST = "$(BUILT_PRODUCTS_DIR)/FinalMilestone.app/FinalMilestone";
			};
			name = Release;
		};
		B83F0514206789D400543417 /* Debug */ = {
			isa = XCBuildConfiguration;
			buildSettings = {
				ALWAYS_EMBED_SWIFT_STANDARD_LIBRARIES = YES;
				CODE_SIGN_STYLE = Automatic;
				INFOPLIST_FILE = FinalMilestoneUITests/Info.plist;
				LD_RUNPATH_SEARCH_PATHS = "$(inherited) @executable_path/Frameworks @loader_path/Frameworks";
				PRODUCT_BUNDLE_IDENTIFIER = au.edu.griffith.ict.prog.FinalMilestoneUITests;
				PRODUCT_NAME = "$(TARGET_NAME)";
				SWIFT_VERSION = 4.0;
				TARGETED_DEVICE_FAMILY = "1,2";
				TEST_TARGET_NAME = FinalMilestone;
			};
			name = Debug;
		};
		B83F0515206789D400543417 /* Release */ = {
			isa = XCBuildConfiguration;
			buildSettings = {
				ALWAYS_EMBED_SWIFT_STANDARD_LIBRARIES = YES;
				CODE_SIGN_STYLE = Automatic;
				INFOPLIST_FILE = FinalMilestoneUITests/Info.plist;
				LD_RUNPATH_SEARCH_PATHS = "$(inherited) @executable_path/Frameworks @loader_path/Frameworks";
				PRODUCT_BUNDLE_IDENTIFIER = au.edu.griffith.ict.prog.FinalMilestoneUITests;
				PRODUCT_NAME = "$(TARGET_NAME)";
				SWIFT_VERSION = 4.0;
				TARGETED_DEVICE_FAMILY = "1,2";
				TEST_TARGET_NAME = FinalMilestone;
			};
			name = Release;
		};
/* End XCBuildConfiguration section */

/* Begin XCConfigurationList section */
		B83F04E0206789D400543417 /* Build configuration list for PBXProject "FinalMilestone" */ = {
			isa = XCConfigurationList;
			buildConfigurations = (
				B83F050B206789D400543417 /* Debug */,
				B83F050C206789D400543417 /* Release */,
			);
			defaultConfigurationIsVisible = 0;
			defaultConfigurationName = Release;
		};
		B83F050D206789D400543417 /* Build configuration list for PBXNativeTarget "FinalMilestone" */ = {
			isa = XCConfigurationList;
			buildConfigurations = (
				B83F050E206789D400543417 /* Debug */,
				B83F050F206789D400543417 /* Release */,
			);
			defaultConfigurationIsVisible = 0;
			defaultConfigurationName = Release;
		};
		B83F0510206789D400543417 /* Build configuration list for PBXNativeTarget "FinalMilestoneTests" */ = {
			isa = XCConfigurationList;
			buildConfigurations = (
				B83F0511206789D400543417 /* Debug */,
				B83F0512206789D400543417 /* Release */,
			);
			defaultConfigurationIsVisible = 0;
			defaultConfigurationName = Release;
		};
		B83F0513206789D400543417 /* Build configuration list for PBXNativeTarget "FinalMilestoneUITests" */ = {
			isa = XCConfigurationList;
			buildConfigurations = (
				B83F0514206789D400543417 /* Debug */,
				B83F0515206789D400543417 /* Release */,
			);
			defaultConfigurationIsVisible = 0;
			defaultConfigurationName = Release;
		};
/* End XCConfigurationList section */
	};
	rootObject = B83F04DD206789D400543417 /* Project object */;
}
